// !$*UTF8*$!
{
	archiveVersion = 1;
	classes = {
	};
	objectVersion = 50;
	objects = {

/* Begin PBXBuildFile section */
		F931AD3524F427F300478C82 /* AppDelegate.swift in Sources */ = {isa = PBXBuildFile; fileRef = F931AD3424F427F300478C82 /* AppDelegate.swift */; };
		F931AD3724F427F300478C82 /* SceneDelegate.swift in Sources */ = {isa = PBXBuildFile; fileRef = F931AD3624F427F300478C82 /* SceneDelegate.swift */; };
		F931AD3924F427F300478C82 /* ViewController.swift in Sources */ = {isa = PBXBuildFile; fileRef = F931AD3824F427F300478C82 /* ViewController.swift */; };
		F931AD3C24F427F300478C82 /* Main.storyboard in Resources */ = {isa = PBXBuildFile; fileRef = F931AD3A24F427F300478C82 /* Main.storyboard */; };
		F931AD3E24F427FD00478C82 /* Assets.xcassets in Resources */ = {isa = PBXBuildFile; fileRef = F931AD3D24F427FD00478C82 /* Assets.xcassets */; };
		F931AD4124F427FD00478C82 /* LaunchScreen.storyboard in Resources */ = {isa = PBXBuildFile; fileRef = F931AD3F24F427FD00478C82 /* LaunchScreen.storyboard */; };
		F931AD4C24F427FD00478C82 /* tipTests.swift in Sources */ = {isa = PBXBuildFile; fileRef = F931AD4B24F427FD00478C82 /* tipTests.swift */; };
		F931AD5724F427FE00478C82 /* tipUITests.swift in Sources */ = {isa = PBXBuildFile; fileRef = F931AD5624F427FE00478C82 /* tipUITests.swift */; };
/* End PBXBuildFile section */

/* Begin PBXContainerItemProxy section */
		F931AD4824F427FD00478C82 /* PBXContainerItemProxy */ = {
			isa = PBXContainerItemProxy;
			containerPortal = F931AD2924F427F300478C82 /* Project object */;
			proxyType = 1;
			remoteGlobalIDString = F931AD3024F427F300478C82;
			remoteInfo = tip;
		};
		F931AD5324F427FE00478C82 /* PBXContainerItemProxy */ = {
			isa = PBXContainerItemProxy;
			containerPortal = F931AD2924F427F300478C82 /* Project object */;
			proxyType = 1;
			remoteGlobalIDString = F931AD3024F427F300478C82;
			remoteInfo = tip;
		};
/* End PBXContainerItemProxy section */

/* Begin PBXFileReference section */
		F931AD3124F427F300478C82 /* tip.app */ = {isa = PBXFileReference; explicitFileType = wrapper.application; includeInIndex = 0; path = tip.app; sourceTree = BUILT_PRODUCTS_DIR; };
		F931AD3424F427F300478C82 /* AppDelegate.swift */ = {isa = PBXFileReference; lastKnownFileType = sourcecode.swift; path = AppDelegate.swift; sourceTree = "<group>"; };
		F931AD3624F427F300478C82 /* SceneDelegate.swift */ = {isa = PBXFileReference; lastKnownFileType = sourcecode.swift; path = SceneDelegate.swift; sourceTree = "<group>"; };
		F931AD3824F427F300478C82 /* ViewController.swift */ = {isa = PBXFileReference; lastKnownFileType = sourcecode.swift; path = ViewController.swift; sourceTree = "<group>"; };
		F931AD3B24F427F300478C82 /* Base */ = {isa = PBXFileReference; lastKnownFileType = file.storyboard; name = Base; path = Base.lproj/Main.storyboard; sourceTree = "<group>"; };
		F931AD3D24F427FD00478C82 /* Assets.xcassets */ = {isa = PBXFileReference; lastKnownFileType = folder.assetcatalog; path = Assets.xcassets; sourceTree = "<group>"; };
		F931AD4024F427FD00478C82 /* Base */ = {isa = PBXFileReference; lastKnownFileType = file.storyboard; name = Base; path = Base.lproj/LaunchScreen.storyboard; sourceTree = "<group>"; };
		F931AD4224F427FD00478C82 /* Info.plist */ = {isa = PBXFileReference; lastKnownFileType = text.plist.xml; path = Info.plist; sourceTree = "<group>"; };
		F931AD4724F427FD00478C82 /* tipTests.xctest */ = {isa = PBXFileReference; explicitFileType = wrapper.cfbundle; includeInIndex = 0; path = tipTests.xctest; sourceTree = BUILT_PRODUCTS_DIR; };
		F931AD4B24F427FD00478C82 /* tipTests.swift */ = {isa = PBXFileReference; lastKnownFileType = sourcecode.swift; path = tipTests.swift; sourceTree = "<group>"; };
		F931AD4D24F427FD00478C82 /* Info.plist */ = {isa = PBXFileReference; lastKnownFileType = text.plist.xml; path = Info.plist; sourceTree = "<group>"; };
		F931AD5224F427FE00478C82 /* tipUITests.xctest */ = {isa = PBXFileReference; explicitFileType = wrapper.cfbundle; includeInIndex = 0; path = tipUITests.xctest; sourceTree = BUILT_PRODUCTS_DIR; };
		F931AD5624F427FE00478C82 /* tipUITests.swift */ = {isa = PBXFileReference; lastKnownFileType = sourcecode.swift; path = tipUITests.swift; sourceTree = "<group>"; };
		F931AD5824F427FE00478C82 /* Info.plist */ = {isa = PBXFileReference; lastKnownFileType = text.plist.xml; path = Info.plist; sourceTree = "<group>"; };
/* End PBXFileReference section */

/* Begin PBXFrameworksBuildPhase section */
		F931AD2E24F427F300478C82 /* Frameworks */ = {
			isa = PBXFrameworksBuildPhase;
			buildActionMask = 2147483647;
			files = (
			);
			runOnlyForDeploymentPostprocessing = 0;
		};
		F931AD4424F427FD00478C82 /* Frameworks */ = {
			isa = PBXFrameworksBuildPhase;
			buildActionMask = 2147483647;
			files = (
			);
			runOnlyForDeploymentPostprocessing = 0;
		};
		F931AD4F24F427FE00478C82 /* Frameworks */ = {
			isa = PBXFrameworksBuildPhase;
			buildActionMask = 2147483647;
			files = (
			);
			runOnlyForDeploymentPostprocessing = 0;
		};
/* End PBXFrameworksBuildPhase section */

/* Begin PBXGroup section */
		F931AD2824F427F300478C82 = {
			isa = PBXGroup;
			children = (
				F931AD3324F427F300478C82 /* tip */,
				F931AD4A24F427FD00478C82 /* tipTests */,
				F931AD5524F427FE00478C82 /* tipUITests */,
				F931AD3224F427F300478C82 /* Products */,
			);
			sourceTree = "<group>";
		};
		F931AD3224F427F300478C82 /* Products */ = {
			isa = PBXGroup;
			children = (
				F931AD3124F427F300478C82 /* tip.app */,
				F931AD4724F427FD00478C82 /* tipTests.xctest */,
				F931AD5224F427FE00478C82 /* tipUITests.xctest */,
			);
			name = Products;
			sourceTree = "<group>";
		};
		F931AD3324F427F300478C82 /* tip */ = {
			isa = PBXGroup;
			children = (
				F931AD3424F427F300478C82 /* AppDelegate.swift */,
				F931AD3624F427F300478C82 /* SceneDelegate.swift */,
				F931AD3824F427F300478C82 /* ViewController.swift */,
				F931AD3A24F427F300478C82 /* Main.storyboard */,
				F931AD3D24F427FD00478C82 /* Assets.xcassets */,
				F931AD3F24F427FD00478C82 /* LaunchScreen.storyboard */,
				F931AD4224F427FD00478C82 /* Info.plist */,
			);
			path = tip;
			sourceTree = "<group>";
		};
		F931AD4A24F427FD00478C82 /* tipTests */ = {
			isa = PBXGroup;
			children = (
				F931AD4B24F427FD00478C82 /* tipTests.swift */,
				F931AD4D24F427FD00478C82 /* Info.plist */,
			);
			path = tipTests;
			sourceTree = "<group>";
		};
		F931AD5524F427FE00478C82 /* tipUITests */ = {
			isa = PBXGroup;
			children = (
				F931AD5624F427FE00478C82 /* tipUITests.swift */,
				F931AD5824F427FE00478C82 /* Info.plist */,
			);
			path = tipUITests;
			sourceTree = "<group>";
		};
/* End PBXGroup section */

/* Begin PBXNativeTarget section */
		F931AD3024F427F300478C82 /* tip */ = {
			isa = PBXNativeTarget;
			buildConfigurationList = F931AD5B24F427FE00478C82 /* Build configuration list for PBXNativeTarget "tip" */;
			buildPhases = (
				F931AD2D24F427F300478C82 /* Sources */,
				F931AD2E24F427F300478C82 /* Frameworks */,
				F931AD2F24F427F300478C82 /* Resources */,
			);
			buildRules = (
			);
			dependencies = (
			);
			name = tip;
			productName = tip;
			productReference = F931AD3124F427F300478C82 /* tip.app */;
			productType = "com.apple.product-type.application";
		};
		F931AD4624F427FD00478C82 /* tipTests */ = {
			isa = PBXNativeTarget;
			buildConfigurationList = F931AD5E24F427FE00478C82 /* Build configuration list for PBXNativeTarget "tipTests" */;
			buildPhases = (
				F931AD4324F427FD00478C82 /* Sources */,
				F931AD4424F427FD00478C82 /* Frameworks */,
				F931AD4524F427FD00478C82 /* Resources */,
			);
			buildRules = (
			);
			dependencies = (
				F931AD4924F427FD00478C82 /* PBXTargetDependency */,
			);
			name = tipTests;
			productName = tipTests;
			productReference = F931AD4724F427FD00478C82 /* tipTests.xctest */;
			productType = "com.apple.product-type.bundle.unit-test";
		};
		F931AD5124F427FE00478C82 /* tipUITests */ = {
			isa = PBXNativeTarget;
			buildConfigurationList = F931AD6124F427FE00478C82 /* Build configuration list for PBXNativeTarget "tipUITests" */;
			buildPhases = (
				F931AD4E24F427FE00478C82 /* Sources */,
				F931AD4F24F427FE00478C82 /* Frameworks */,
				F931AD5024F427FE00478C82 /* Resources */,
			);
			buildRules = (
			);
			dependencies = (
				F931AD5424F427FE00478C82 /* PBXTargetDependency */,
			);
			name = tipUITests;
			productName = tipUITests;
			productReference = F931AD5224F427FE00478C82 /* tipUITests.xctest */;
			productType = "com.apple.product-type.bundle.ui-testing";
		};
/* End PBXNativeTarget section */

/* Begin PBXProject section */
		F931AD2924F427F300478C82 /* Project object */ = {
			isa = PBXProject;
			attributes = {
				LastSwiftUpdateCheck = 1150;
				LastUpgradeCheck = 1150;
				ORGANIZATIONNAME = Codepath;
				TargetAttributes = {
					F931AD3024F427F300478C82 = {
						CreatedOnToolsVersion = 11.5;
					};
					F931AD4624F427FD00478C82 = {
						CreatedOnToolsVersion = 11.5;
						TestTargetID = F931AD3024F427F300478C82;
					};
					F931AD5124F427FE00478C82 = {
						CreatedOnToolsVersion = 11.5;
						TestTargetID = F931AD3024F427F300478C82;
					};
				};
			};
			buildConfigurationList = F931AD2C24F427F300478C82 /* Build configuration list for PBXProject "tip" */;
			compatibilityVersion = "Xcode 9.3";
			developmentRegion = en;
			hasScannedForEncodings = 0;
			knownRegions = (
				en,
				Base,
			);
			mainGroup = F931AD2824F427F300478C82;
			productRefGroup = F931AD3224F427F300478C82 /* Products */;
			projectDirPath = "";
			projectRoot = "";
			targets = (
				F931AD3024F427F300478C82 /* tip */,
				F931AD4624F427FD00478C82 /* tipTests */,
				F931AD5124F427FE00478C82 /* tipUITests */,
			);
		};
/* End PBXProject section */

/* Begin PBXResourcesBuildPhase section */
		F931AD2F24F427F300478C82 /* Resources */ = {
			isa = PBXResourcesBuildPhase;
			buildActionMask = 2147483647;
			files = (
				F931AD4124F427FD00478C82 /* LaunchScreen.storyboard in Resources */,
				F931AD3E24F427FD00478C82 /* Assets.xcassets in Resources */,
				F931AD3C24F427F300478C82 /* Main.storyboard in Resources */,
			);
			runOnlyForDeploymentPostprocessing = 0;
		};
		F931AD4524F427FD00478C82 /* Resources */ = {
			isa = PBXResourcesBuildPhase;
			buildActionMask = 2147483647;
			files = (
			);
			runOnlyForDeploymentPostprocessing = 0;
		};
		F931AD5024F427FE00478C82 /* Resources */ = {
			isa = PBXResourcesBuildPhase;
			buildActionMask = 2147483647;
			files = (
			);
			runOnlyForDeploymentPostprocessing = 0;
		};
/* End PBXResourcesBuildPhase section */

/* Begin PBXSourcesBuildPhase section */
		F931AD2D24F427F300478C82 /* Sources */ = {
			isa = PBXSourcesBuildPhase;
			buildActionMask = 2147483647;
			files = (
				F931AD3924F427F300478C82 /* ViewController.swift in Sources */,
				F931AD3524F427F300478C82 /* AppDelegate.swift in Sources */,
				F931AD3724F427F300478C82 /* SceneDelegate.swift in Sources */,
			);
			runOnlyForDeploymentPostprocessing = 0;
		};
		F931AD4324F427FD00478C82 /* Sources */ = {
			isa = PBXSourcesBuildPhase;
			buildActionMask = 2147483647;
			files = (
				F931AD4C24F427FD00478C82 /* tipTests.swift in Sources */,
			);
			runOnlyForDeploymentPostprocessing = 0;
		};
		F931AD4E24F427FE00478C82 /* Sources */ = {
			isa = PBXSourcesBuildPhase;
			buildActionMask = 2147483647;
			files = (
				F931AD5724F427FE00478C82 /* tipUITests.swift in Sources */,
			);
			runOnlyForDeploymentPostprocessing = 0;
		};
/* End PBXSourcesBuildPhase section */

/* Begin PBXTargetDependency section */
		F931AD4924F427FD00478C82 /* PBXTargetDependency */ = {
			isa = PBXTargetDependency;
			target = F931AD3024F427F300478C82 /* tip */;
			targetProxy = F931AD4824F427FD00478C82 /* PBXContainerItemProxy */;
		};
		F931AD5424F427FE00478C82 /* PBXTargetDependency */ = {
			isa = PBXTargetDependency;
			target = F931AD3024F427F300478C82 /* tip */;
			targetProxy = F931AD5324F427FE00478C82 /* PBXContainerItemProxy */;
		};
/* End PBXTargetDependency section */

/* Begin PBXVariantGroup section */
		F931AD3A24F427F300478C82 /* Main.storyboard */ = {
			isa = PBXVariantGroup;
			children = (
				F931AD3B24F427F300478C82 /* Base */,
			);
			name = Main.storyboard;
			sourceTree = "<group>";
		};
		F931AD3F24F427FD00478C82 /* LaunchScreen.storyboard */ = {
			isa = PBXVariantGroup;
			children = (
				F931AD4024F427FD00478C82 /* Base */,
			);
			name = LaunchScreen.storyboard;
			sourceTree = "<group>";
		};
/* End PBXVariantGroup section */

/* Begin XCBuildConfiguration section */
		F931AD5924F427FE00478C82 /* Debug */ = {
			isa = XCBuildConfiguration;
			buildSettings = {
				ALWAYS_SEARCH_USER_PATHS = NO;
				CLANG_ANALYZER_NONNULL = YES;
				CLANG_ANALYZER_NUMBER_OBJECT_CONVERSION = YES_AGGRESSIVE;
				CLANG_CXX_LANGUAGE_STANDARD = "gnu++14";
				CLANG_CXX_LIBRARY = "libc++";
				CLANG_ENABLE_MODULES = YES;
				CLANG_ENABLE_OBJC_ARC = YES;
				CLANG_ENABLE_OBJC_WEAK = YES;
				CLANG_WARN_BLOCK_CAPTURE_AUTORELEASING = YES;
				CLANG_WARN_BOOL_CONVERSION = YES;
				CLANG_WARN_COMMA = YES;
				CLANG_WARN_CONSTANT_CONVERSION = YES;
				CLANG_WARN_DEPRECATED_OBJC_IMPLEMENTATIONS = YES;
				CLANG_WARN_DIRECT_OBJC_ISA_USAGE = YES_ERROR;
				CLANG_WARN_DOCUMENTATION_COMMENTS = YES;
				CLANG_WARN_EMPTY_BODY = YES;
				CLANG_WARN_ENUM_CONVERSION = YES;
				CLANG_WARN_INFINITE_RECURSION = YES;
				CLANG_WARN_INT_CONVERSION = YES;
				CLANG_WARN_NON_LITERAL_NULL_CONVERSION = YES;
				CLANG_WARN_OBJC_IMPLICIT_RETAIN_SELF = YES;
				CLANG_WARN_OBJC_LITERAL_CONVERSION = YES;
				CLANG_WARN_OBJC_ROOT_CLASS = YES_ERROR;
				CLANG_WARN_RANGE_LOOP_ANALYSIS = YES;
				CLANG_WARN_STRICT_PROTOTYPES = YES;
				CLANG_WARN_SUSPICIOUS_MOVE = YES;
				CLANG_WARN_UNGUARDED_AVAILABILITY = YES_AGGRESSIVE;
				CLANG_WARN_UNREACHABLE_CODE = YES;
				CLANG_WARN__DUPLICATE_METHOD_MATCH = YES;
				COPY_PHASE_STRIP = NO;
				DEBUG_INFORMATION_FORMAT = dwarf;
				ENABLE_STRICT_OBJC_MSGSEND = YES;
				ENABLE_TESTABILITY = YES;
				GCC_C_LANGUAGE_STANDARD = gnu11;
				GCC_DYNAMIC_NO_PIC = NO;
				GCC_NO_COMMON_BLOCKS = YES;
				GCC_OPTIMIZATION_LEVEL = 0;
				GCC_PREPROCESSOR_DEFINITIONS = (
					"DEBUG=1",
					"$(inherited)",
				);
				GCC_WARN_64_TO_32_BIT_CONVERSION = YES;
				GCC_WARN_ABOUT_RETURN_TYPE = YES_ERROR;
				GCC_WARN_UNDECLARED_SELECTOR = YES;
				GCC_WARN_UNINITIALIZED_AUTOS = YES_AGGRESSIVE;
				GCC_WARN_UNUSED_FUNCTION = YES;
				GCC_WARN_UNUSED_VARIABLE = YES;
				IPHONEOS_DEPLOYMENT_TARGET = 13.5;
				MTL_ENABLE_DEBUG_INFO = INCLUDE_SOURCE;
				MTL_FAST_MATH = YES;
				ONLY_ACTIVE_ARCH = YES;
				SDKROOT = iphoneos;
				SWIFT_ACTIVE_COMPILATION_CONDITIONS = DEBUG;
				SWIFT_OPTIMIZATION_LEVEL = "-Onone";
			};
			name = Debug;
		};
		F931AD5A24F427FE00478C82 /* Release */ = {
			isa = XCBuildConfiguration;
			buildSettings = {
				ALWAYS_SEARCH_USER_PATHS = NO;
				CLANG_ANALYZER_NONNULL = YES;
				CLANG_ANALYZER_NUMBER_OBJECT_CONVERSION = YES_AGGRESSIVE;
				CLANG_CXX_LANGUAGE_STANDARD = "gnu++14";
				CLANG_CXX_LIBRARY = "libc++";
				CLANG_ENABLE_MODULES = YES;
				CLANG_ENABLE_OBJC_ARC = YES;
				CLANG_ENABLE_OBJC_WEAK = YES;
				CLANG_WARN_BLOCK_CAPTURE_AUTORELEASING = YES;
				CLANG_WARN_BOOL_CONVERSION = YES;
				CLANG_WARN_COMMA = YES;
				CLANG_WARN_CONSTANT_CONVERSION = YES;
				CLANG_WARN_DEPRECATED_OBJC_IMPLEMENTATIONS = YES;
				CLANG_WARN_DIRECT_OBJC_ISA_USAGE = YES_ERROR;
				CLANG_WARN_DOCUMENTATION_COMMENTS = YES;
				CLANG_WARN_EMPTY_BODY = YES;
				CLANG_WARN_ENUM_CONVERSION = YES;
				CLANG_WARN_INFINITE_RECURSION = YES;
				CLANG_WARN_INT_CONVERSION = YES;
				CLANG_WARN_NON_LITERAL_NULL_CONVERSION = YES;
				CLANG_WARN_OBJC_IMPLICIT_RETAIN_SELF = YES;
				CLANG_WARN_OBJC_LITERAL_CONVERSION = YES;
				CLANG_WARN_OBJC_ROOT_CLASS = YES_ERROR;
				CLANG_WARN_RANGE_LOOP_ANALYSIS = YES;
				CLANG_WARN_STRICT_PROTOTYPES = YES;
				CLANG_WARN_SUSPICIOUS_MOVE = YES;
				CLANG_WARN_UNGUARDED_AVAILABILITY = YES_AGGRESSIVE;
				CLANG_WARN_UNREACHABLE_CODE = YES;
				CLANG_WARN__DUPLICATE_METHOD_MATCH = YES;
				COPY_PHASE_STRIP = NO;
				DEBUG_INFORMATION_FORMAT = "dwarf-with-dsym";
				ENABLE_NS_ASSERTIONS = NO;
				ENABLE_STRICT_OBJC_MSGSEND = YES;
				GCC_C_LANGUAGE_STANDARD = gnu11;
				GCC_NO_COMMON_BLOCKS = YES;
				GCC_WARN_64_TO_32_BIT_CONVERSION = YES;
				GCC_WARN_ABOUT_RETURN_TYPE = YES_ERROR;
				GCC_WARN_UNDECLARED_SELECTOR = YES;
				GCC_WARN_UNINITIALIZED_AUTOS = YES_AGGRESSIVE;
				GCC_WARN_UNUSED_FUNCTION = YES;
				GCC_WARN_UNUSED_VARIABLE = YES;
				IPHONEOS_DEPLOYMENT_TARGET = 13.5;
				MTL_ENABLE_DEBUG_INFO = NO;
				MTL_FAST_MATH = YES;
				SDKROOT = iphoneos;
				SWIFT_COMPILATION_MODE = wholemodule;
				SWIFT_OPTIMIZATION_LEVEL = "-O";
				VALIDATE_PRODUCT = YES;
			};
			name = Release;
		};
		F931AD5C24F427FE00478C82 /* Debug */ = {
			isa = XCBuildConfiguration;
			buildSettings = {
				ASSETCATALOG_COMPILER_APPICON_NAME = AppIcon;
				CODE_SIGN_STYLE = Automatic;
				INFOPLIST_FILE = tip/Info.plist;
				LD_RUNPATH_SEARCH_PATHS = (
					"$(inherited)",
					"@executable_path/Frameworks",
				);
				PRODUCT_BUNDLE_IDENTIFIER = Codepath.tip;
				PRODUCT_NAME = "$(TARGET_NAME)";
				SWIFT_VERSION = 5.0;
				TARGETED_DEVICE_FAMILY = "1,2";
			};
			name = Debug;
		};
		F931AD5D24F427FE00478C82 /* Release */ = {
			isa = XCBuildConfiguration;
			buildSettings = {
				ASSETCATALOG_COMPILER_APPICON_NAME = AppIcon;
				CODE_SIGN_STYLE = Automatic;
				INFOPLIST_FILE = tip/Info.plist;
				LD_RUNPATH_SEARCH_PATHS = (
					"$(inherited)",
					"@executable_path/Frameworks",
				);
				PRODUCT_BUNDLE_IDENTIFIER = Codepath.tip;
				PRODUCT_NAME = "$(TARGET_NAME)";
				SWIFT_VERSION = 5.0;
				TARGETED_DEVICE_FAMILY = "1,2";
			};
			name = Release;
		};
		F931AD5F24F427FE00478C82 /* Debug */ = {
			isa = XCBuildConfiguration;
			buildSettings = {
				ALWAYS_EMBED_SWIFT_STANDARD_LIBRARIES = YES;
				BUNDLE_LOADER = "$(TEST_HOST)";
				CODE_SIGN_STYLE = Automatic;
				INFOPLIST_FILE = tipTests/Info.plist;
				IPHONEOS_DEPLOYMENT_TARGET = 13.5;
				LD_RUNPATH_SEARCH_PATHS = (
					"$(inherited)",
					"@executable_path/Frameworks",
					"@loader_path/Frameworks",
				);
				PRODUCT_BUNDLE_IDENTIFIER = Codepath.tipTests;
				PRODUCT_NAME = "$(TARGET_NAME)";
				SWIFT_VERSION = 5.0;
				TARGETED_DEVICE_FAMILY = "1,2";
				TEST_HOST = "$(BUILT_PRODUCTS_DIR)/tip.app/tip";
			};
			name = Debug;
		};
		F931AD6024F427FE00478C82 /* Release */ = {
			isa = XCBuildConfiguration;
			buildSettings = {
				ALWAYS_EMBED_SWIFT_STANDARD_LIBRARIES = YES;
				BUNDLE_LOADER = "$(TEST_HOST)";
				CODE_SIGN_STYLE = Automatic;
				INFOPLIST_FILE = tipTests/Info.plist;
				IPHONEOS_DEPLOYMENT_TARGET = 13.5;
				LD_RUNPATH_SEARCH_PATHS = (
					"$(inherited)",
					"@executable_path/Frameworks",
					"@loader_path/Frameworks",
				);
				PRODUCT_BUNDLE_IDENTIFIER = Codepath.tipTests;
				PRODUCT_NAME = "$(TARGET_NAME)";
				SWIFT_VERSION = 5.0;
				TARGETED_DEVICE_FAMILY = "1,2";
				TEST_HOST = "$(BUILT_PRODUCTS_DIR)/tip.app/tip";
			};
			name = Release;
		};
		F931AD6224F427FE00478C82 /* Debug */ = {
			isa = XCBuildConfiguration;
			buildSettings = {
				ALWAYS_EMBED_SWIFT_STANDARD_LIBRARIES = YES;
				CODE_SIGN_STYLE = Automatic;
				INFOPLIST_FILE = tipUITests/Info.plist;
				LD_RUNPATH_SEARCH_PATHS = (
					"$(inherited)",
					"@executable_path/Frameworks",
					"@loader_path/Frameworks",
				);
				PRODUCT_BUNDLE_IDENTIFIER = Codepath.tipUITests;
				PRODUCT_NAME = "$(TARGET_NAME)";
				SWIFT_VERSION = 5.0;
				TARGETED_DEVICE_FAMILY = "1,2";
				TEST_TARGET_NAME = tip;
			};
			name = Debug;
		};
		F931AD6324F427FE00478C82 /* Release */ = {
			isa = XCBuildConfiguration;
			buildSettings = {
				ALWAYS_EMBED_SWIFT_STANDARD_LIBRARIES = YES;
				CODE_SIGN_STYLE = Automatic;
				INFOPLIST_FILE = tipUITests/Info.plist;
				LD_RUNPATH_SEARCH_PATHS = (
					"$(inherited)",
					"@executable_path/Frameworks",
					"@loader_path/Frameworks",
				);
				PRODUCT_BUNDLE_IDENTIFIER = Codepath.tipUITests;
				PRODUCT_NAME = "$(TARGET_NAME)";
				SWIFT_VERSION = 5.0;
				TARGETED_DEVICE_FAMILY = "1,2";
				TEST_TARGET_NAME = tip;
			};
			name = Release;
		};
/* End XCBuildConfiguration section */

/* Begin XCConfigurationList section */
		F931AD2C24F427F300478C82 /* Build configuration list for PBXProject "tip" */ = {
			isa = XCConfigurationList;
			buildConfigurations = (
				F931AD5924F427FE00478C82 /* Debug */,
				F931AD5A24F427FE00478C82 /* Release */,
			);
			defaultConfigurationIsVisible = 0;
			defaultConfigurationName = Release;
		};
		F931AD5B24F427FE00478C82 /* Build configuration list for PBXNativeTarget "tip" */ = {
			isa = XCConfigurationList;
			buildConfigurations = (
				F931AD5C24F427FE00478C82 /* Debug */,
				F931AD5D24F427FE00478C82 /* Release */,
			);
			defaultConfigurationIsVisible = 0;
			defaultConfigurationName = Release;
		};
		F931AD5E24F427FE00478C82 /* Build configuration list for PBXNativeTarget "tipTests" */ = {
			isa = XCConfigurationList;
			buildConfigurations = (
				F931AD5F24F427FE00478C82 /* Debug */,
				F931AD6024F427FE00478C82 /* Release */,
			);
			defaultConfigurationIsVisible = 0;
			defaultConfigurationName = Release;
		};
		F931AD6124F427FE00478C82 /* Build configuration list for PBXNativeTarget "tipUITests" */ = {
			isa = XCConfigurationList;
			buildConfigurations = (
				F931AD6224F427FE00478C82 /* Debug */,
				F931AD6324F427FE00478C82 /* Release */,
			);
			defaultConfigurationIsVisible = 0;
			defaultConfigurationName = Release;
		};
/* End XCConfigurationList section */
	};
	rootObject = F931AD2924F427F300478C82 /* Project object */;
}
